<Solution>
  <Project Path="BestFinanceTracker.Api/BestFinanceTracker.Api.csproj" />
  <Project Path="BestFinanceTracker.Application/BestFinanceTracker.Application.csproj" />
  <Project Path="BestFinanceTracker.Domain/BestFinanceTracker.Domain.csproj" />
  <Project Path="BestFinanceTracker.Infrastructure/BestFinanceTracker.Infrastructure.csproj" />
  <Project Path="Shared/Shared.csproj" />
</Solution>
